
Microsoft Visual Studio Solution File, Format Version 12.00
# Visual Studio Version 17
VisualStudioVersion = 17.10.35122.118
MinimumVisualStudioVersion = 10.0.40219.1
Project("{9A19103F-16F7-4668-BE54-9A1E7A4F7556}") = "APIManga", "APIManga.csproj", "{27D47510-3629-4160-93B5-6A36A27DE4BD}"
EndProject

Global
	GlobalSection(SolutionConfigurationPlatforms) = preSolution
		Debug|Any CPU = Debug|Any CPU
		Release|Any CPU = Release|Any CPU
	EndGlobalSection
	GlobalSection(ProjectConfigurationPlatforms) = postSolution
		{27D47510-3629-4160-93B5-6A36A27DE4BD}.Debug|Any CPU.ActiveCfg = Debug|Any CPU
		{27D47510-3629-4160-93B5-6A36A27DE4BD}.Debug|Any CPU.Build.0 = Debug|Any CPU
		{27D47510-3629-4160-93B5-6A36A27DE4BD}.Release|Any CPU.ActiveCfg = Release|Any CPU
		{27D47510-3629-4160-93B5-6A36A27DE4BD}.Release|Any CPU.Build.0 = Release|Any CPU
		{5B674A04-431C-415D-84F9-C48543F36CB8}.Debug|Any CPU.ActiveCfg = Debug|Any CPU
		{5B674A04-431C-415D-84F9-C48543F36CB8}.Debug|Any CPU.Build.0 = Debug|Any CPU
		{5B674A04-431C-415D-84F9-C48543F36CB8}.Release|Any CPU.ActiveCfg = Release|Any CPU
		{5B674A04-431C-415D-84F9-C48543F36CB8}.Release|Any CPU.Build.0 = Release|Any CPU
	EndGlobalSection
	GlobalSection(SolutionProperties) = preSolution
		HideSolutionNode = FALSE
	EndGlobalSection
	GlobalSection(ExtensibilityGlobals) = postSolution
		SolutionGuid = {A88F05EE-B932-4313-8BA2-69F763D15F04}
	EndGlobalSection
EndGlobal
